
Microsoft Visual Studio Solution File, Format Version 12.00
# Visual Studio 14
VisualStudioVersion = 14.0.25123.0
MinimumVisualStudioVersion = 10.0.40219.1
Project("{8BC9CEB8-8B4A-11D0-8D11-00A0C91BC942}") = "00_Sandbox", "00_Sandbox\00_Sandbox_VS15.vcxproj", "{F5D6D2E1-6FFD-402B-8EE3-DED4FE407028}"
EndProject
Project("{8BC9CEB8-8B4A-11D0-8D11-00A0C91BC942}") = "ModelViewer", "ModelViewer\ModelViewer_VS15.vcxproj", "{FB51C0AB-6E10-4DEB-9D27-A3C31251A36D}"
EndProject
Project("{8BC9CEB8-8B4A-11D0-8D11-00A0C91BC942}") = "GLFW_Example", "GLFW_Example\GLFW_Example_VS15.vcxproj", "{49647803-64C5-4742-BCB2-C8DC671B25EF}"
EndProject
Project("{8BC9CEB8-8B4A-11D0-8D11-00A0C91BC942}") = "A04_3DShapes", "A04_3DShapes\A04_3DShapes.vcxproj", "{769F0154-10DA-4627-8772-CE84597ECDCE}"
EndProject
Project("{8BC9CEB8-8B4A-11D0-8D11-00A0C91BC942}") = "E05_Transformations", "E05_Transformations\E05_Transformations.vcxproj", "{CFC5A13E-27EB-44AB-A562-CADF4D45A21C}"
EndProject
Project("{8BC9CEB8-8B4A-11D0-8D11-00A0C91BC942}") = "A05_Transformations", "A05_Transformations\A05_Transformations.vcxproj", "{AABA05C7-71CD-4C9B-A52F-78117CDBC72D}"
EndProject
Project("{8BC9CEB8-8B4A-11D0-8D11-00A0C91BC942}") = "A06_LERP", "A06_LERP\A06_LERP.vcxproj", "{8FB45351-2348-4127-9143-D866C86EE527}"
EndProject
Project("{8BC9CEB8-8B4A-11D0-8D11-00A0C91BC942}") = "C1_LERP", "C1_LERP\C1_LERP.vcxproj", "{32854B1F-8DCB-4075-87B2-ADF1AAB448B3}"
EndProject
Project("{8BC9CEB8-8B4A-11D0-8D11-00A0C91BC942}") = "01_Basics", "01_Basics\01_Basics.vcxproj", "{425ED9DA-852E-4F61-BE06-487F68A6187E}"
EndProject
Project("{8BC9CEB8-8B4A-11D0-8D11-00A0C91BC942}") = "02_Inheriting", "02_Inheriting\02_Inheriting.vcxproj", "{F1EDF2C3-8663-42FF-89D7-D0C4857D4358}"
EndProject
Project("{8BC9CEB8-8B4A-11D0-8D11-00A0C91BC942}") = "03_SFML_Input", "03_SFML_Input\03_SFML_Input.vcxproj", "{1EA67B6E-CAF1-4F2A-8FB5-99B5D30E3004}"
EndProject
Project("{8BC9CEB8-8B4A-11D0-8D11-00A0C91BC942}") = "04_MeshRendering", "04_MeshRendering\04_MeshRendering.vcxproj", "{D04CA8CD-8C31-4F09-A363-33BFC486C26F}"
EndProject
Project("{8BC9CEB8-8B4A-11D0-8D11-00A0C91BC942}") = "05_InstanceRendering", "05_InstanceRendering\05_InstanceRendering.vcxproj", "{E9B44697-A740-484E-BFCC-B9A007E242A2}"
EndProject
Project("{8BC9CEB8-8B4A-11D0-8D11-00A0C91BC942}") = "06_Octree", "06_Octree\06_Octree.vcxproj", "{0488FE50-85CC-477A-88ED-0A00B9F79F5D}"
EndProject
Project("{8BC9CEB8-8B4A-11D0-8D11-00A0C91BC942}") = "E06_LERP", "E06_LERP\E06_LERP.vcxproj", "{F617B8C5-3D97-44E3-8C5D-BBFF2ECAFFA7}"
EndProject
Project("{8BC9CEB8-8B4A-11D0-8D11-00A0C91BC942}") = "A07_SLERP", "A07_SLERP\A07_SLERP.vcxproj", "{337B81CF-66EB-4676-8BA0-BA3497CBF73A}"
EndProject
Project("{8BC9CEB8-8B4A-11D0-8D11-00A0C91BC942}") = "A02_101Questions", "A02_101Questions\Solution.vcxproj", "{11BD783C-4820-4C18-8BF3-9DEBF58524AD}"
EndProject
Project("{8BC9CEB8-8B4A-11D0-8D11-00A0C91BC942}") = "A03_TemplatedList", "A03_TemplatedList\A03_TemplatedList.vcxproj", "{011E8BAE-805D-4632-87B2-E6811CD037AE}"
EndProject
Project("{8BC9CEB8-8B4A-11D0-8D11-00A0C91BC942}") = "E01_VS2013", "E01_VS2013\E01_VS2013.vcxproj", "{C395D4C5-BEA6-46AE-AF16-9A4EB792CC3F}"
EndProject
Project("{8BC9CEB8-8B4A-11D0-8D11-00A0C91BC942}") = "E02_TemplatedStack", "E02_TemplatedStack\E02_TemplatedStack.vcxproj", "{EF9B5E00-F5D5-4EA6-9B4C-8C8149983517}"
EndProject
Project("{8BC9CEB8-8B4A-11D0-8D11-00A0C91BC942}") = "E03_Singleton", "E03_Singleton\E03_Singleton.vcxproj", "{CE0CA45D-5970-4A27-BC9A-E909D6E3A71D}"
EndProject
Project("{8BC9CEB8-8B4A-11D0-8D11-00A0C91BC942}") = "A01_HelloWorld", "A01_HelloWorld\HelloWorld.vcxproj", "{DFEDA9F4-342D-4D88-9AB2-91913C9D86D5}"
EndProject
Project("{8BC9CEB8-8B4A-11D0-8D11-00A0C91BC942}") = "C2_Quaternions", "C2_Quaternions\C2_Quaternions.vcxproj", "{2F4C1E7F-5182-4805-9C8E-23BACD69E977}"
EndProject
Project("{8BC9CEB8-8B4A-11D0-8D11-00A0C91BC942}") = "E04_VS15GLFW", "E04_VS15GLFW\E04_VS15GLFW.vcxproj", "{CAEFC444-1ABE-4E10-9E1A-9A0E8AF53DF2}"
EndProject
Project("{8BC9CEB8-8B4A-11D0-8D11-00A0C91BC942}") = "E12_Midterm", "E12_Midterm\E12_Midterm.vcxproj", "{AA18B089-83AC-4904-8600-CD68E61EDC26}"
EndProject
Project("{8BC9CEB8-8B4A-11D0-8D11-00A0C91BC942}") = "E09_Projections", "E09_Projections\E09_Projections.vcxproj", "{9B6650A4-8EB9-4CBC-A25C-10726F0BD80D}"
EndProject
Project("{8BC9CEB8-8B4A-11D0-8D11-00A0C91BC942}") = "A08_CameraSingleton", "A08_CameraSingleton\A08CameraSingleton.vcxproj", "{8BA51CE3-EA38-4820-A3C8-89B2BD98B6FB}"
EndProject
Project("{8BC9CEB8-8B4A-11D0-8D11-00A0C91BC942}") = "E11_Sierpinski", "E11_Sierpinski\E11_Sierpinski.vcxproj", "{4965C0BB-DC2D-4C76-B565-2E5C77F75BDD}"
EndProject
Project("{8BC9CEB8-8B4A-11D0-8D11-00A0C91BC942}") = "E08_Gimbal_Lock", "E08_Gimbal Lock\E08_Gimbal Lock.vcxproj", "{FCF38D13-439E-4DEC-BB89-2BB6455922AD}"
EndProject
Project("{8BC9CEB8-8B4A-11D0-8D11-00A0C91BC942}") = "E12_BoundingSphereClass", "E12_BoundingSphereClass\E12_BoundingSphereClass.vcxproj", "{F8318B78-847D-4D6F-B0AA-F3AC80C5FFF0}"
EndProject
Project("{8BC9CEB8-8B4A-11D0-8D11-00A0C91BC942}") = "E13_AxisReAlignedBoundingBox", "E13_AxisReAlignedBoundingBox\E13_AxisReAlignedBoundingBox.vcxproj", "{482F1C5F-30C2-44E4-BB8B-4A8A4CFC7C77}"
EndProject
Global
	GlobalSection(SolutionConfigurationPlatforms) = preSolution
		Debug|x86 = Debug|x86
		Release|x86 = Release|x86
	EndGlobalSection
	GlobalSection(ProjectConfigurationPlatforms) = postSolution
		{F5D6D2E1-6FFD-402B-8EE3-DED4FE407028}.Debug|x86.ActiveCfg = Debug|Win32
		{F5D6D2E1-6FFD-402B-8EE3-DED4FE407028}.Debug|x86.Build.0 = Debug|Win32
		{F5D6D2E1-6FFD-402B-8EE3-DED4FE407028}.Release|x86.ActiveCfg = Release|Win32
		{F5D6D2E1-6FFD-402B-8EE3-DED4FE407028}.Release|x86.Build.0 = Release|Win32
		{FB51C0AB-6E10-4DEB-9D27-A3C31251A36D}.Debug|x86.ActiveCfg = Debug|Win32
		{FB51C0AB-6E10-4DEB-9D27-A3C31251A36D}.Debug|x86.Build.0 = Debug|Win32
		{FB51C0AB-6E10-4DEB-9D27-A3C31251A36D}.Release|x86.ActiveCfg = Release|Win32
		{FB51C0AB-6E10-4DEB-9D27-A3C31251A36D}.Release|x86.Build.0 = Release|Win32
		{49647803-64C5-4742-BCB2-C8DC671B25EF}.Debug|x86.ActiveCfg = Debug|Win32
		{49647803-64C5-4742-BCB2-C8DC671B25EF}.Debug|x86.Build.0 = Debug|Win32
		{49647803-64C5-4742-BCB2-C8DC671B25EF}.Release|x86.ActiveCfg = Release|Win32
		{49647803-64C5-4742-BCB2-C8DC671B25EF}.Release|x86.Build.0 = Release|Win32
		{769F0154-10DA-4627-8772-CE84597ECDCE}.Debug|x86.ActiveCfg = Debug|Win32
		{769F0154-10DA-4627-8772-CE84597ECDCE}.Debug|x86.Build.0 = Debug|Win32
		{769F0154-10DA-4627-8772-CE84597ECDCE}.Release|x86.ActiveCfg = Release|Win32
		{769F0154-10DA-4627-8772-CE84597ECDCE}.Release|x86.Build.0 = Release|Win32
		{CFC5A13E-27EB-44AB-A562-CADF4D45A21C}.Debug|x86.ActiveCfg = Debug|Win32
		{CFC5A13E-27EB-44AB-A562-CADF4D45A21C}.Debug|x86.Build.0 = Debug|Win32
		{CFC5A13E-27EB-44AB-A562-CADF4D45A21C}.Release|x86.ActiveCfg = Release|Win32
		{CFC5A13E-27EB-44AB-A562-CADF4D45A21C}.Release|x86.Build.0 = Release|Win32
		{AABA05C7-71CD-4C9B-A52F-78117CDBC72D}.Debug|x86.ActiveCfg = Debug|Win32
		{AABA05C7-71CD-4C9B-A52F-78117CDBC72D}.Debug|x86.Build.0 = Debug|Win32
		{AABA05C7-71CD-4C9B-A52F-78117CDBC72D}.Release|x86.ActiveCfg = Release|Win32
		{AABA05C7-71CD-4C9B-A52F-78117CDBC72D}.Release|x86.Build.0 = Release|Win32
		{8FB45351-2348-4127-9143-D866C86EE527}.Debug|x86.ActiveCfg = Debug|Win32
		{8FB45351-2348-4127-9143-D866C86EE527}.Debug|x86.Build.0 = Debug|Win32
		{8FB45351-2348-4127-9143-D866C86EE527}.Release|x86.ActiveCfg = Release|Win32
		{8FB45351-2348-4127-9143-D866C86EE527}.Release|x86.Build.0 = Release|Win32
		{32854B1F-8DCB-4075-87B2-ADF1AAB448B3}.Debug|x86.ActiveCfg = Debug|Win32
		{32854B1F-8DCB-4075-87B2-ADF1AAB448B3}.Debug|x86.Build.0 = Debug|Win32
		{32854B1F-8DCB-4075-87B2-ADF1AAB448B3}.Release|x86.ActiveCfg = Release|Win32
		{32854B1F-8DCB-4075-87B2-ADF1AAB448B3}.Release|x86.Build.0 = Release|Win32
		{425ED9DA-852E-4F61-BE06-487F68A6187E}.Debug|x86.ActiveCfg = Debug|Win32
		{425ED9DA-852E-4F61-BE06-487F68A6187E}.Debug|x86.Build.0 = Debug|Win32
		{425ED9DA-852E-4F61-BE06-487F68A6187E}.Release|x86.ActiveCfg = Release|Win32
		{425ED9DA-852E-4F61-BE06-487F68A6187E}.Release|x86.Build.0 = Release|Win32
		{F1EDF2C3-8663-42FF-89D7-D0C4857D4358}.Debug|x86.ActiveCfg = Debug|Win32
		{F1EDF2C3-8663-42FF-89D7-D0C4857D4358}.Debug|x86.Build.0 = Debug|Win32
		{F1EDF2C3-8663-42FF-89D7-D0C4857D4358}.Release|x86.ActiveCfg = Release|Win32
		{F1EDF2C3-8663-42FF-89D7-D0C4857D4358}.Release|x86.Build.0 = Release|Win32
		{1EA67B6E-CAF1-4F2A-8FB5-99B5D30E3004}.Debug|x86.ActiveCfg = Debug|Win32
		{1EA67B6E-CAF1-4F2A-8FB5-99B5D30E3004}.Debug|x86.Build.0 = Debug|Win32
		{1EA67B6E-CAF1-4F2A-8FB5-99B5D30E3004}.Release|x86.ActiveCfg = Release|Win32
		{1EA67B6E-CAF1-4F2A-8FB5-99B5D30E3004}.Release|x86.Build.0 = Release|Win32
		{D04CA8CD-8C31-4F09-A363-33BFC486C26F}.Debug|x86.ActiveCfg = Debug|Win32
		{D04CA8CD-8C31-4F09-A363-33BFC486C26F}.Debug|x86.Build.0 = Debug|Win32
		{D04CA8CD-8C31-4F09-A363-33BFC486C26F}.Release|x86.ActiveCfg = Release|Win32
		{D04CA8CD-8C31-4F09-A363-33BFC486C26F}.Release|x86.Build.0 = Release|Win32
		{E9B44697-A740-484E-BFCC-B9A007E242A2}.Debug|x86.ActiveCfg = Debug|Win32
		{E9B44697-A740-484E-BFCC-B9A007E242A2}.Debug|x86.Build.0 = Debug|Win32
		{E9B44697-A740-484E-BFCC-B9A007E242A2}.Release|x86.ActiveCfg = Release|Win32
		{E9B44697-A740-484E-BFCC-B9A007E242A2}.Release|x86.Build.0 = Release|Win32
		{0488FE50-85CC-477A-88ED-0A00B9F79F5D}.Debug|x86.ActiveCfg = Debug|Win32
		{0488FE50-85CC-477A-88ED-0A00B9F79F5D}.Debug|x86.Build.0 = Debug|Win32
		{0488FE50-85CC-477A-88ED-0A00B9F79F5D}.Release|x86.ActiveCfg = Release|Win32
		{0488FE50-85CC-477A-88ED-0A00B9F79F5D}.Release|x86.Build.0 = Release|Win32
		{F617B8C5-3D97-44E3-8C5D-BBFF2ECAFFA7}.Debug|x86.ActiveCfg = Debug|Win32
		{F617B8C5-3D97-44E3-8C5D-BBFF2ECAFFA7}.Debug|x86.Build.0 = Debug|Win32
		{F617B8C5-3D97-44E3-8C5D-BBFF2ECAFFA7}.Release|x86.ActiveCfg = Release|Win32
		{F617B8C5-3D97-44E3-8C5D-BBFF2ECAFFA7}.Release|x86.Build.0 = Release|Win32
		{337B81CF-66EB-4676-8BA0-BA3497CBF73A}.Debug|x86.ActiveCfg = Debug|Win32
		{337B81CF-66EB-4676-8BA0-BA3497CBF73A}.Debug|x86.Build.0 = Debug|Win32
		{337B81CF-66EB-4676-8BA0-BA3497CBF73A}.Release|x86.ActiveCfg = Release|Win32
		{337B81CF-66EB-4676-8BA0-BA3497CBF73A}.Release|x86.Build.0 = Release|Win32
		{11BD783C-4820-4C18-8BF3-9DEBF58524AD}.Debug|x86.ActiveCfg = Debug|Win32
		{11BD783C-4820-4C18-8BF3-9DEBF58524AD}.Debug|x86.Build.0 = Debug|Win32
		{11BD783C-4820-4C18-8BF3-9DEBF58524AD}.Release|x86.ActiveCfg = Release|Win32
		{11BD783C-4820-4C18-8BF3-9DEBF58524AD}.Release|x86.Build.0 = Release|Win32
		{011E8BAE-805D-4632-87B2-E6811CD037AE}.Debug|x86.ActiveCfg = Debug|Win32
		{011E8BAE-805D-4632-87B2-E6811CD037AE}.Debug|x86.Build.0 = Debug|Win32
		{011E8BAE-805D-4632-87B2-E6811CD037AE}.Release|x86.ActiveCfg = Release|Win32
		{011E8BAE-805D-4632-87B2-E6811CD037AE}.Release|x86.Build.0 = Release|Win32
		{C395D4C5-BEA6-46AE-AF16-9A4EB792CC3F}.Debug|x86.ActiveCfg = Debug|Win32
		{C395D4C5-BEA6-46AE-AF16-9A4EB792CC3F}.Debug|x86.Build.0 = Debug|Win32
		{C395D4C5-BEA6-46AE-AF16-9A4EB792CC3F}.Release|x86.ActiveCfg = Release|Win32
		{C395D4C5-BEA6-46AE-AF16-9A4EB792CC3F}.Release|x86.Build.0 = Release|Win32
		{EF9B5E00-F5D5-4EA6-9B4C-8C8149983517}.Debug|x86.ActiveCfg = Debug|Win32
		{EF9B5E00-F5D5-4EA6-9B4C-8C8149983517}.Debug|x86.Build.0 = Debug|Win32
		{EF9B5E00-F5D5-4EA6-9B4C-8C8149983517}.Release|x86.ActiveCfg = Release|Win32
		{EF9B5E00-F5D5-4EA6-9B4C-8C8149983517}.Release|x86.Build.0 = Release|Win32
		{CE0CA45D-5970-4A27-BC9A-E909D6E3A71D}.Debug|x86.ActiveCfg = Debug|Win32
		{CE0CA45D-5970-4A27-BC9A-E909D6E3A71D}.Debug|x86.Build.0 = Debug|Win32
		{CE0CA45D-5970-4A27-BC9A-E909D6E3A71D}.Release|x86.ActiveCfg = Release|Win32
		{CE0CA45D-5970-4A27-BC9A-E909D6E3A71D}.Release|x86.Build.0 = Release|Win32
		{DFEDA9F4-342D-4D88-9AB2-91913C9D86D5}.Debug|x86.ActiveCfg = Debug|Win32
		{DFEDA9F4-342D-4D88-9AB2-91913C9D86D5}.Debug|x86.Build.0 = Debug|Win32
		{DFEDA9F4-342D-4D88-9AB2-91913C9D86D5}.Release|x86.ActiveCfg = Release|Win32
		{DFEDA9F4-342D-4D88-9AB2-91913C9D86D5}.Release|x86.Build.0 = Release|Win32
		{2F4C1E7F-5182-4805-9C8E-23BACD69E977}.Debug|x86.ActiveCfg = Debug|Win32
		{2F4C1E7F-5182-4805-9C8E-23BACD69E977}.Debug|x86.Build.0 = Debug|Win32
		{2F4C1E7F-5182-4805-9C8E-23BACD69E977}.Release|x86.ActiveCfg = Release|Win32
		{2F4C1E7F-5182-4805-9C8E-23BACD69E977}.Release|x86.Build.0 = Release|Win32
		{CAEFC444-1ABE-4E10-9E1A-9A0E8AF53DF2}.Debug|x86.ActiveCfg = Debug|Win32
		{CAEFC444-1ABE-4E10-9E1A-9A0E8AF53DF2}.Debug|x86.Build.0 = Debug|Win32
		{CAEFC444-1ABE-4E10-9E1A-9A0E8AF53DF2}.Release|x86.ActiveCfg = Release|Win32
		{CAEFC444-1ABE-4E10-9E1A-9A0E8AF53DF2}.Release|x86.Build.0 = Release|Win32
		{AA18B089-83AC-4904-8600-CD68E61EDC26}.Debug|x86.ActiveCfg = Debug|Win32
		{AA18B089-83AC-4904-8600-CD68E61EDC26}.Debug|x86.Build.0 = Debug|Win32
		{AA18B089-83AC-4904-8600-CD68E61EDC26}.Release|x86.ActiveCfg = Release|Win32
		{AA18B089-83AC-4904-8600-CD68E61EDC26}.Release|x86.Build.0 = Release|Win32
		{9B6650A4-8EB9-4CBC-A25C-10726F0BD80D}.Debug|x86.ActiveCfg = Debug|Win32
		{9B6650A4-8EB9-4CBC-A25C-10726F0BD80D}.Debug|x86.Build.0 = Debug|Win32
		{9B6650A4-8EB9-4CBC-A25C-10726F0BD80D}.Release|x86.ActiveCfg = Release|Win32
		{9B6650A4-8EB9-4CBC-A25C-10726F0BD80D}.Release|x86.Build.0 = Release|Win32
		{8BA51CE3-EA38-4820-A3C8-89B2BD98B6FB}.Debug|x86.ActiveCfg = Debug|Win32
		{8BA51CE3-EA38-4820-A3C8-89B2BD98B6FB}.Debug|x86.Build.0 = Debug|Win32
		{8BA51CE3-EA38-4820-A3C8-89B2BD98B6FB}.Release|x86.ActiveCfg = Release|Win32
		{8BA51CE3-EA38-4820-A3C8-89B2BD98B6FB}.Release|x86.Build.0 = Release|Win32
		{4965C0BB-DC2D-4C76-B565-2E5C77F75BDD}.Debug|x86.ActiveCfg = Debug|Win32
		{4965C0BB-DC2D-4C76-B565-2E5C77F75BDD}.Debug|x86.Build.0 = Debug|Win32
		{4965C0BB-DC2D-4C76-B565-2E5C77F75BDD}.Release|x86.ActiveCfg = Release|Win32
		{4965C0BB-DC2D-4C76-B565-2E5C77F75BDD}.Release|x86.Build.0 = Release|Win32
		{FCF38D13-439E-4DEC-BB89-2BB6455922AD}.Debug|x86.ActiveCfg = Debug|Win32
		{FCF38D13-439E-4DEC-BB89-2BB6455922AD}.Debug|x86.Build.0 = Debug|Win32
		{FCF38D13-439E-4DEC-BB89-2BB6455922AD}.Release|x86.ActiveCfg = Release|Win32
		{FCF38D13-439E-4DEC-BB89-2BB6455922AD}.Release|x86.Build.0 = Release|Win32
		{F8318B78-847D-4D6F-B0AA-F3AC80C5FFF0}.Debug|x86.ActiveCfg = Debug|Win32
		{F8318B78-847D-4D6F-B0AA-F3AC80C5FFF0}.Debug|x86.Build.0 = Debug|Win32
		{F8318B78-847D-4D6F-B0AA-F3AC80C5FFF0}.Release|x86.ActiveCfg = Release|Win32
		{F8318B78-847D-4D6F-B0AA-F3AC80C5FFF0}.Release|x86.Build.0 = Release|Win32
		{482F1C5F-30C2-44E4-BB8B-4A8A4CFC7C77}.Debug|x86.ActiveCfg = Debug|Win32
		{482F1C5F-30C2-44E4-BB8B-4A8A4CFC7C77}.Debug|x86.Build.0 = Debug|Win32
		{482F1C5F-30C2-44E4-BB8B-4A8A4CFC7C77}.Release|x86.ActiveCfg = Release|Win32
		{482F1C5F-30C2-44E4-BB8B-4A8A4CFC7C77}.Release|x86.Build.0 = Release|Win32
	EndGlobalSection
	GlobalSection(SolutionProperties) = preSolution
		HideSolutionNode = FALSE
	EndGlobalSection
EndGlobal
